
Microsoft Visual Studio Solution File, Format Version 12.00
# Visual Studio 14
VisualStudioVersion = 14.0.25420.1
MinimumVisualStudioVersion = 10.0.40219.1
Project("{E24C65DC-7377-472B-9ABA-BC803B73C61A}") = "Prospeccion", "..\..\WebSites\Prospeccion\", "{20A6CA78-E215-40FC-9E99-9A033CDB319D}"
	ProjectSection(WebsiteProperties) = preProject
		TargetFrameworkMoniker = ".NETFramework,Version%3Dv4.5.2"
		Debug.AspNetCompiler.VirtualPath = "/localhost_50502"
		Debug.AspNetCompiler.PhysicalPath = "..\..\WebSites\Prospeccion\"
		Debug.AspNetCompiler.TargetPath = "PrecompiledWeb\localhost_50502\"
		Debug.AspNetCompiler.Updateable = "true"
		Debug.AspNetCompiler.ForceOverwrite = "true"
		Debug.AspNetCompiler.FixedNames = "false"
		Debug.AspNetCompiler.Debug = "True"
		Release.AspNetCompiler.VirtualPath = "/localhost_50502"
		Release.AspNetCompiler.PhysicalPath = "..\..\WebSites\Prospeccion\"
		Release.AspNetCompiler.TargetPath = "PrecompiledWeb\localhost_50502\"
		Release.AspNetCompiler.Updateable = "true"
		Release.AspNetCompiler.ForceOverwrite = "true"
		Release.AspNetCompiler.FixedNames = "false"
		Release.AspNetCompiler.Debug = "False"
		VWDPort = "50502"
		SlnRelativePath = "..\..\WebSites\Prospeccion\"
		DefaultWebSiteLanguage = "Visual C#"
	EndProjectSection
EndProject
Global
	GlobalSection(SolutionConfigurationPlatforms) = preSolution
		Debug|Any CPU = Debug|Any CPU
	EndGlobalSection
	GlobalSection(ProjectConfigurationPlatforms) = postSolution
		{20A6CA78-E215-40FC-9E99-9A033CDB319D}.Debug|Any CPU.ActiveCfg = Debug|Any CPU
		{20A6CA78-E215-40FC-9E99-9A033CDB319D}.Debug|Any CPU.Build.0 = Debug|Any CPU
	EndGlobalSection
	GlobalSection(SolutionProperties) = preSolution
		HideSolutionNode = FALSE
	EndGlobalSection
EndGlobal
